
Microsoft Visual Studio Solution File, Format Version 12.00
# Visual Studio Version 17
VisualStudioVersion = 17.0.31903.59
MinimumVisualStudioVersion = 10.0.40219.1
Project("{9A19103F-16F7-4668-BE54-9A1E7A4F7556}") = "VectSharp", "VectSharp\VectSharp.csproj", "{EB550540-69C9-45B0-8248-707A0405B1FA}"
EndProject
Project("{9A19103F-16F7-4668-BE54-9A1E7A4F7556}") = "VectSharp.PDF", "VectSharp.PDF\VectSharp.PDF.csproj", "{FD7961BD-42F5-4BA4-B869-B24BABBB7FA4}"
EndProject
Project("{9A19103F-16F7-4668-BE54-9A1E7A4F7556}") = "VectSharp.Demo", "VectSharp.Demo\VectSharp.Demo.csproj", "{7E5AA867-5FD1-47D6-AEA3-7FE12C7FB375}"
EndProject
Project("{9A19103F-16F7-4668-BE54-9A1E7A4F7556}") = "VectSharp.Canvas", "VectSharp.Canvas\VectSharp.Canvas.csproj", "{8284C36D-0E1C-4363-BE50-C66C1210B460}"
EndProject
Project("{9A19103F-16F7-4668-BE54-9A1E7A4F7556}") = "VectSharp.Raster", "VectSharp.Raster\VectSharp.Raster.csproj", "{AA099810-711A-4A7C-9403-D8F71DE5499A}"
EndProject
Project("{9A19103F-16F7-4668-BE54-9A1E7A4F7556}") = "VectSharp.SVG", "VectSharp.SVG\VectSharp.SVG.csproj", "{B69B1606-89A8-4EB7-9AF0-87D4CF276DBD}"
EndProject
Project("{9A19103F-16F7-4668-BE54-9A1E7A4F7556}") = "VectSharp.MuPDFUtils", "VectSharp.MuPDFUtils\VectSharp.MuPDFUtils.csproj", "{D2D2CD04-2B9F-4139-93E7-D6B505B6A7BF}"
EndProject
Project("{9A19103F-16F7-4668-BE54-9A1E7A4F7556}") = "VectSharp.ThreeD", "VectSharp.ThreeD\VectSharp.ThreeD.csproj", "{D0AC8E2D-FE5E-4AB3-98F2-15C6301A1A8F}"
EndProject
Project("{9A19103F-16F7-4668-BE54-9A1E7A4F7556}") = "VectSharp.Demo3D", "VectSharp.Demo3D\VectSharp.Demo3D.csproj", "{7F501584-E20E-4AD5-941D-F381B9BCC66D}"
EndProject
Project("{9A19103F-16F7-4668-BE54-9A1E7A4F7556}") = "VectSharp.Markdown", "VectSharp.Markdown\VectSharp.Markdown.csproj", "{09941E48-EE01-4C27-A54E-EC37F96A995F}"
EndProject
Project("{9A19103F-16F7-4668-BE54-9A1E7A4F7556}") = "MarkdownExamples", "MarkdownExamples\MarkdownExamples.csproj", "{E677BD7C-827E-466F-B9EE-E46755F2AB18}"
EndProject
Project("{9A19103F-16F7-4668-BE54-9A1E7A4F7556}") = "VectSharp.MarkdownCanvas", "VectSharp.MarkdownCanvas\VectSharp.MarkdownCanvas.csproj", "{14DD9C38-AD4C-4406-AE42-0EDC28C4866A}"
EndProject
Project("{9A19103F-16F7-4668-BE54-9A1E7A4F7556}") = "MarkdownViewerDemo", "MarkdownViewerDemo\MarkdownViewerDemo.csproj", "{2A445826-7054-413B-A63B-1086D7EF25C0}"
EndProject
Project("{FAE04EC0-301F-11D3-BF4B-00C04F79EFBC}") = "VectSharp.Fonts.Nimbus", "VectSharp.Fonts.Nimbus\VectSharp.Fonts.Nimbus.csproj", "{07F626B2-ED90-4127-A17C-5812C5554E0C}"
EndProject
Global
	GlobalSection(SolutionConfigurationPlatforms) = preSolution
		Debug|Any CPU = Debug|Any CPU
		Release|Any CPU = Release|Any CPU
	EndGlobalSection
	GlobalSection(ProjectConfigurationPlatforms) = postSolution
		{EB550540-69C9-45B0-8248-707A0405B1FA}.Debug|Any CPU.ActiveCfg = Debug|Any CPU
		{EB550540-69C9-45B0-8248-707A0405B1FA}.Debug|Any CPU.Build.0 = Debug|Any CPU
		{EB550540-69C9-45B0-8248-707A0405B1FA}.Release|Any CPU.ActiveCfg = Release|Any CPU
		{EB550540-69C9-45B0-8248-707A0405B1FA}.Release|Any CPU.Build.0 = Release|Any CPU
		{FD7961BD-42F5-4BA4-B869-B24BABBB7FA4}.Debug|Any CPU.ActiveCfg = Debug|Any CPU
		{FD7961BD-42F5-4BA4-B869-B24BABBB7FA4}.Debug|Any CPU.Build.0 = Debug|Any CPU
		{FD7961BD-42F5-4BA4-B869-B24BABBB7FA4}.Release|Any CPU.ActiveCfg = Release|Any CPU
		{FD7961BD-42F5-4BA4-B869-B24BABBB7FA4}.Release|Any CPU.Build.0 = Release|Any CPU
		{7E5AA867-5FD1-47D6-AEA3-7FE12C7FB375}.Debug|Any CPU.ActiveCfg = Debug|Any CPU
		{7E5AA867-5FD1-47D6-AEA3-7FE12C7FB375}.Debug|Any CPU.Build.0 = Debug|Any CPU
		{7E5AA867-5FD1-47D6-AEA3-7FE12C7FB375}.Release|Any CPU.ActiveCfg = Release|Any CPU
		{7E5AA867-5FD1-47D6-AEA3-7FE12C7FB375}.Release|Any CPU.Build.0 = Release|Any CPU
		{8284C36D-0E1C-4363-BE50-C66C1210B460}.Debug|Any CPU.ActiveCfg = Debug|Any CPU
		{8284C36D-0E1C-4363-BE50-C66C1210B460}.Debug|Any CPU.Build.0 = Debug|Any CPU
		{8284C36D-0E1C-4363-BE50-C66C1210B460}.Release|Any CPU.ActiveCfg = Release|Any CPU
		{8284C36D-0E1C-4363-BE50-C66C1210B460}.Release|Any CPU.Build.0 = Release|Any CPU
		{AA099810-711A-4A7C-9403-D8F71DE5499A}.Debug|Any CPU.ActiveCfg = Debug|Any CPU
		{AA099810-711A-4A7C-9403-D8F71DE5499A}.Debug|Any CPU.Build.0 = Debug|Any CPU
		{AA099810-711A-4A7C-9403-D8F71DE5499A}.Release|Any CPU.ActiveCfg = Release|Any CPU
		{AA099810-711A-4A7C-9403-D8F71DE5499A}.Release|Any CPU.Build.0 = Release|Any CPU
		{B69B1606-89A8-4EB7-9AF0-87D4CF276DBD}.Debug|Any CPU.ActiveCfg = Debug|Any CPU
		{B69B1606-89A8-4EB7-9AF0-87D4CF276DBD}.Debug|Any CPU.Build.0 = Debug|Any CPU
		{B69B1606-89A8-4EB7-9AF0-87D4CF276DBD}.Release|Any CPU.ActiveCfg = Release|Any CPU
		{B69B1606-89A8-4EB7-9AF0-87D4CF276DBD}.Release|Any CPU.Build.0 = Release|Any CPU
		{D2D2CD04-2B9F-4139-93E7-D6B505B6A7BF}.Debug|Any CPU.ActiveCfg = Debug|Any CPU
		{D2D2CD04-2B9F-4139-93E7-D6B505B6A7BF}.Debug|Any CPU.Build.0 = Debug|Any CPU
		{D2D2CD04-2B9F-4139-93E7-D6B505B6A7BF}.Release|Any CPU.ActiveCfg = Release|Any CPU
		{D2D2CD04-2B9F-4139-93E7-D6B505B6A7BF}.Release|Any CPU.Build.0 = Release|Any CPU
		{D0AC8E2D-FE5E-4AB3-98F2-15C6301A1A8F}.Debug|Any CPU.ActiveCfg = Debug|Any CPU
		{D0AC8E2D-FE5E-4AB3-98F2-15C6301A1A8F}.Debug|Any CPU.Build.0 = Debug|Any CPU
		{D0AC8E2D-FE5E-4AB3-98F2-15C6301A1A8F}.Release|Any CPU.ActiveCfg = Release|Any CPU
		{D0AC8E2D-FE5E-4AB3-98F2-15C6301A1A8F}.Release|Any CPU.Build.0 = Release|Any CPU
		{7F501584-E20E-4AD5-941D-F381B9BCC66D}.Debug|Any CPU.ActiveCfg = Debug|Any CPU
		{7F501584-E20E-4AD5-941D-F381B9BCC66D}.Debug|Any CPU.Build.0 = Debug|Any CPU
		{7F501584-E20E-4AD5-941D-F381B9BCC66D}.Release|Any CPU.ActiveCfg = Release|Any CPU
		{7F501584-E20E-4AD5-941D-F381B9BCC66D}.Release|Any CPU.Build.0 = Release|Any CPU
		{09941E48-EE01-4C27-A54E-EC37F96A995F}.Debug|Any CPU.ActiveCfg = Debug|Any CPU
		{09941E48-EE01-4C27-A54E-EC37F96A995F}.Debug|Any CPU.Build.0 = Debug|Any CPU
		{09941E48-EE01-4C27-A54E-EC37F96A995F}.Release|Any CPU.ActiveCfg = Release|Any CPU
		{09941E48-EE01-4C27-A54E-EC37F96A995F}.Release|Any CPU.Build.0 = Release|Any CPU
		{E677BD7C-827E-466F-B9EE-E46755F2AB18}.Debug|Any CPU.ActiveCfg = Debug|Any CPU
		{E677BD7C-827E-466F-B9EE-E46755F2AB18}.Debug|Any CPU.Build.0 = Debug|Any CPU
		{E677BD7C-827E-466F-B9EE-E46755F2AB18}.Release|Any CPU.ActiveCfg = Release|Any CPU
		{E677BD7C-827E-466F-B9EE-E46755F2AB18}.Release|Any CPU.Build.0 = Release|Any CPU
		{14DD9C38-AD4C-4406-AE42-0EDC28C4866A}.Debug|Any CPU.ActiveCfg = Debug|Any CPU
		{14DD9C38-AD4C-4406-AE42-0EDC28C4866A}.Debug|Any CPU.Build.0 = Debug|Any CPU
		{14DD9C38-AD4C-4406-AE42-0EDC28C4866A}.Release|Any CPU.ActiveCfg = Release|Any CPU
		{14DD9C38-AD4C-4406-AE42-0EDC28C4866A}.Release|Any CPU.Build.0 = Release|Any CPU
		{2A445826-7054-413B-A63B-1086D7EF25C0}.Debug|Any CPU.ActiveCfg = Debug|Any CPU
		{2A445826-7054-413B-A63B-1086D7EF25C0}.Debug|Any CPU.Build.0 = Debug|Any CPU
		{2A445826-7054-413B-A63B-1086D7EF25C0}.Release|Any CPU.ActiveCfg = Release|Any CPU
		{2A445826-7054-413B-A63B-1086D7EF25C0}.Release|Any CPU.Build.0 = Release|Any CPU
		{07F626B2-ED90-4127-A17C-5812C5554E0C}.Debug|Any CPU.ActiveCfg = Debug|Any CPU
		{07F626B2-ED90-4127-A17C-5812C5554E0C}.Debug|Any CPU.Build.0 = Debug|Any CPU
		{07F626B2-ED90-4127-A17C-5812C5554E0C}.Release|Any CPU.ActiveCfg = Release|Any CPU
		{07F626B2-ED90-4127-A17C-5812C5554E0C}.Release|Any CPU.Build.0 = Release|Any CPU
	EndGlobalSection
	GlobalSection(SolutionProperties) = preSolution
		HideSolutionNode = FALSE
	EndGlobalSection
	GlobalSection(ExtensibilityGlobals) = postSolution
		SolutionGuid = {2CFAD54A-3F8F-4DE4-B27B-41AABEC6081C}
	EndGlobalSection
EndGlobal
